
Microsoft Visual Studio Solution File, Format Version 12.00
# Visual Studio 14
Project("{FAE04EC0-301F-11D3-BF4B-00C04F79EFBC}") = "ExtensionMethods", "ExtensionMethods\ExtensionMethods.csproj", "{78DA569F-FAF2-488E-BE22-C403ED56DEFD}"
EndProject
Global
	GlobalSection(SolutionConfigurationPlatforms) = preSolution
		Debug|Any CPU = Debug|Any CPU
		Release|Any CPU = Release|Any CPU
	EndGlobalSection
	GlobalSection(ProjectConfigurationPlatforms) = postSolution
		{78DA569F-FAF2-488E-BE22-C403ED56DEFD}.Debug|Any CPU.ActiveCfg = Debug|Any CPU
		{78DA569F-FAF2-488E-BE22-C403ED56DEFD}.Debug|Any CPU.Build.0 = Debug|Any CPU
		{78DA569F-FAF2-488E-BE22-C403ED56DEFD}.Release|Any CPU.ActiveCfg = Release|Any CPU
		{78DA569F-FAF2-488E-BE22-C403ED56DEFD}.Release|Any CPU.Build.0 = Release|Any CPU
	EndGlobalSection
	GlobalSection(SolutionProperties) = preSolution
		HideSolutionNode = FALSE
	EndGlobalSection
EndGlobal
