
Microsoft Visual Studio Solution File, Format Version 14.00
# Visual Studio 14
Project("{FAE04EC0-301F-11D3-BF4B-00C04F79EFBC}") = "04 - Hello, World", "04 - Hello, World\04 - Hello, World.csproj", "{50309257-49F4-4A63-95AF-A70A1871BF37}"
EndProject
Project("{FAE04EC0-301F-11D3-BF4B-00C04F79EFBC}") = "18 - Debugger", "18 - Debugger\18 - Debugger.csproj", "{7780600C-EDAD-4995-A2AB-BE5E5D4BC93D}"
EndProject
Global
	GlobalSection(SolutionConfigurationPlatforms) = preSolution
		Debug|Any CPU = Debug|Any CPU
		Debug|Mixed Platforms = Debug|Mixed Platforms
		Debug|x86 = Debug|x86
		Release|Any CPU = Release|Any CPU
		Release|Mixed Platforms = Release|Mixed Platforms
		Release|x86 = Release|x86
	EndGlobalSection
	GlobalSection(ProjectConfigurationPlatforms) = postSolution
		{50309257-49F4-4A63-95AF-A70A1871BF37}.Debug|Any CPU.ActiveCfg = Debug|x86
		{50309257-49F4-4A63-95AF-A70A1871BF37}.Debug|Mixed Platforms.ActiveCfg = Debug|x86
		{50309257-49F4-4A63-95AF-A70A1871BF37}.Debug|Mixed Platforms.Build.0 = Debug|x86
		{50309257-49F4-4A63-95AF-A70A1871BF37}.Debug|x86.ActiveCfg = Debug|x86
		{50309257-49F4-4A63-95AF-A70A1871BF37}.Debug|x86.Build.0 = Debug|x86
		{50309257-49F4-4A63-95AF-A70A1871BF37}.Release|Any CPU.ActiveCfg = Release|x86
		{50309257-49F4-4A63-95AF-A70A1871BF37}.Release|Mixed Platforms.ActiveCfg = Release|x86
		{50309257-49F4-4A63-95AF-A70A1871BF37}.Release|Mixed Platforms.Build.0 = Release|x86
		{50309257-49F4-4A63-95AF-A70A1871BF37}.Release|x86.ActiveCfg = Release|x86
		{50309257-49F4-4A63-95AF-A70A1871BF37}.Release|x86.Build.0 = Release|x86
		{7780600C-EDAD-4995-A2AB-BE5E5D4BC93D}.Debug|Any CPU.ActiveCfg = Debug|Any CPU
		{7780600C-EDAD-4995-A2AB-BE5E5D4BC93D}.Debug|Any CPU.Build.0 = Debug|Any CPU
		{7780600C-EDAD-4995-A2AB-BE5E5D4BC93D}.Debug|Mixed Platforms.ActiveCfg = Debug|Any CPU
		{7780600C-EDAD-4995-A2AB-BE5E5D4BC93D}.Debug|Mixed Platforms.Build.0 = Debug|Any CPU
		{7780600C-EDAD-4995-A2AB-BE5E5D4BC93D}.Debug|x86.ActiveCfg = Debug|Any CPU
		{7780600C-EDAD-4995-A2AB-BE5E5D4BC93D}.Release|Any CPU.ActiveCfg = Release|Any CPU
		{7780600C-EDAD-4995-A2AB-BE5E5D4BC93D}.Release|Any CPU.Build.0 = Release|Any CPU
		{7780600C-EDAD-4995-A2AB-BE5E5D4BC93D}.Release|Mixed Platforms.ActiveCfg = Release|Any CPU
		{7780600C-EDAD-4995-A2AB-BE5E5D4BC93D}.Release|Mixed Platforms.Build.0 = Release|Any CPU
		{7780600C-EDAD-4995-A2AB-BE5E5D4BC93D}.Release|x86.ActiveCfg = Release|Any CPU
	EndGlobalSection
	GlobalSection(SolutionProperties) = preSolution
		HideSolutionNode = FALSE
	EndGlobalSection
EndGlobal
