
Microsoft Visual Studio Solution File, Format Version 12.00
# Visual Studio 14
Project("{FAE04EC0-301F-11D3-BF4B-00C04F79EFBC}") = "Fibonacci", "Fibonacci\Fibonacci.csproj", "{D6FD3810-253E-4E39-9A74-8F32D711D392}"
EndProject
Global
	GlobalSection(SolutionConfigurationPlatforms) = preSolution
		Debug|Any CPU = Debug|Any CPU
		Release|Any CPU = Release|Any CPU
	EndGlobalSection
	GlobalSection(ProjectConfigurationPlatforms) = postSolution
		{D6FD3810-253E-4E39-9A74-8F32D711D392}.Debug|Any CPU.ActiveCfg = Debug|Any CPU
		{D6FD3810-253E-4E39-9A74-8F32D711D392}.Debug|Any CPU.Build.0 = Debug|Any CPU
		{D6FD3810-253E-4E39-9A74-8F32D711D392}.Release|Any CPU.ActiveCfg = Release|Any CPU
		{D6FD3810-253E-4E39-9A74-8F32D711D392}.Release|Any CPU.Build.0 = Release|Any CPU
	EndGlobalSection
	GlobalSection(SolutionProperties) = preSolution
		HideSolutionNode = FALSE
	EndGlobalSection
EndGlobal
