
Microsoft Visual Studio Solution File, Format Version 12.00
# Visual Studio 14
Project("{FAE04EC0-301F-11D3-BF4B-00C04F79EFBC}") = "MultidimensionalArrays", "MultidimensionalArrays\MultidimensionalArrays.csproj", "{A042C000-FBF0-4F25-BA3F-E94AF479933E}"
EndProject
Global
	GlobalSection(SolutionConfigurationPlatforms) = preSolution
		Debug|Any CPU = Debug|Any CPU
		Release|Any CPU = Release|Any CPU
	EndGlobalSection
	GlobalSection(ProjectConfigurationPlatforms) = postSolution
		{A042C000-FBF0-4F25-BA3F-E94AF479933E}.Debug|Any CPU.ActiveCfg = Debug|Any CPU
		{A042C000-FBF0-4F25-BA3F-E94AF479933E}.Debug|Any CPU.Build.0 = Debug|Any CPU
		{A042C000-FBF0-4F25-BA3F-E94AF479933E}.Release|Any CPU.ActiveCfg = Release|Any CPU
		{A042C000-FBF0-4F25-BA3F-E94AF479933E}.Release|Any CPU.Build.0 = Release|Any CPU
	EndGlobalSection
	GlobalSection(SolutionProperties) = preSolution
		HideSolutionNode = FALSE
	EndGlobalSection
EndGlobal
